
Microsoft Visual Studio Solution File, Format Version 12.00
# Visual Studio Version 16
VisualStudioVersion = 16.0.31424.327
MinimumVisualStudioVersion = 10.0.40219.1
Project("{FAE04EC0-301F-11D3-BF4B-00C04F79EFBC}") = "GUI", "GUI\GUI.csproj", "{1D0D3083-B7CE-4880-9039-1C1BBBDE7D01}"
EndProject
Global
	GlobalSection(SolutionConfigurationPlatforms) = preSolution
		Debug|Any CPU = Debug|Any CPU
		Release|Any CPU = Release|Any CPU
	EndGlobalSection
	GlobalSection(ProjectConfigurationPlatforms) = postSolution
		{1D0D3083-B7CE-4880-9039-1C1BBBDE7D01}.Debug|Any CPU.ActiveCfg = Debug|Any CPU
		{1D0D3083-B7CE-4880-9039-1C1BBBDE7D01}.Debug|Any CPU.Build.0 = Debug|Any CPU
		{1D0D3083-B7CE-4880-9039-1C1BBBDE7D01}.Release|Any CPU.ActiveCfg = Release|Any CPU
		{1D0D3083-B7CE-4880-9039-1C1BBBDE7D01}.Release|Any CPU.Build.0 = Release|Any CPU
	EndGlobalSection
	GlobalSection(SolutionProperties) = preSolution
		HideSolutionNode = FALSE
	EndGlobalSection
	GlobalSection(ExtensibilityGlobals) = postSolution
		SolutionGuid = {CC3E9DD6-D88E-43ED-A465-009D8052C53C}
	EndGlobalSection
EndGlobal
