
Microsoft Visual Studio Solution File, Format Version 12.00
# Visual Studio 2013
VisualStudioVersion = 12.0.21005.1
MinimumVisualStudioVersion = 10.0.40219.1
Project("{FAE04EC0-301F-11D3-BF4B-00C04F79EFBC}") = "GUI", "GUI\GUI.csproj", "{1D0D3083-B7CE-4880-9039-1C1BBBDE7D01}"
EndProject
Project("{FAE04EC0-301F-11D3-BF4B-00C04F79EFBC}") = "DAO", "DAO\DAO.csproj", "{D73F5635-C0BC-4806-B2FA-C25C449EE64C}"
EndProject
Project("{FAE04EC0-301F-11D3-BF4B-00C04F79EFBC}") = "BUS", "BUS\BUS.csproj", "{6C695ACE-507B-425C-8203-BAF5CD23E381}"
EndProject
Project("{FAE04EC0-301F-11D3-BF4B-00C04F79EFBC}") = "DTO", "DTO\DTO.csproj", "{D57EB8BA-80B2-429F-AD7A-31CC04A22711}"
EndProject
Global
	GlobalSection(SolutionConfigurationPlatforms) = preSolution
		Debug|Any CPU = Debug|Any CPU
		Release|Any CPU = Release|Any CPU
	EndGlobalSection
	GlobalSection(ProjectConfigurationPlatforms) = postSolution
		{1D0D3083-B7CE-4880-9039-1C1BBBDE7D01}.Debug|Any CPU.ActiveCfg = Debug|Any CPU
		{1D0D3083-B7CE-4880-9039-1C1BBBDE7D01}.Debug|Any CPU.Build.0 = Debug|Any CPU
		{1D0D3083-B7CE-4880-9039-1C1BBBDE7D01}.Release|Any CPU.ActiveCfg = Release|Any CPU
		{1D0D3083-B7CE-4880-9039-1C1BBBDE7D01}.Release|Any CPU.Build.0 = Release|Any CPU
		{D73F5635-C0BC-4806-B2FA-C25C449EE64C}.Debug|Any CPU.ActiveCfg = Debug|Any CPU
		{D73F5635-C0BC-4806-B2FA-C25C449EE64C}.Debug|Any CPU.Build.0 = Debug|Any CPU
		{D73F5635-C0BC-4806-B2FA-C25C449EE64C}.Release|Any CPU.ActiveCfg = Release|Any CPU
		{D73F5635-C0BC-4806-B2FA-C25C449EE64C}.Release|Any CPU.Build.0 = Release|Any CPU
		{6C695ACE-507B-425C-8203-BAF5CD23E381}.Debug|Any CPU.ActiveCfg = Debug|Any CPU
		{6C695ACE-507B-425C-8203-BAF5CD23E381}.Debug|Any CPU.Build.0 = Debug|Any CPU
		{6C695ACE-507B-425C-8203-BAF5CD23E381}.Release|Any CPU.ActiveCfg = Release|Any CPU
		{6C695ACE-507B-425C-8203-BAF5CD23E381}.Release|Any CPU.Build.0 = Release|Any CPU
		{D57EB8BA-80B2-429F-AD7A-31CC04A22711}.Debug|Any CPU.ActiveCfg = Debug|Any CPU
		{D57EB8BA-80B2-429F-AD7A-31CC04A22711}.Debug|Any CPU.Build.0 = Debug|Any CPU
		{D57EB8BA-80B2-429F-AD7A-31CC04A22711}.Release|Any CPU.ActiveCfg = Release|Any CPU
		{D57EB8BA-80B2-429F-AD7A-31CC04A22711}.Release|Any CPU.Build.0 = Release|Any CPU
	EndGlobalSection
	GlobalSection(SolutionProperties) = preSolution
		HideSolutionNode = FALSE
	EndGlobalSection
	GlobalSection(ExtensibilityGlobals) = postSolution
		SolutionGuid = {CC3E9DD6-D88E-43ED-A465-009D8052C53C}
	EndGlobalSection
EndGlobal
